
Microsoft Visual Studio Solution File, Format Version 12.00
# Visual Studio Version 16
VisualStudioVersion = 16.0.30114.105
MinimumVisualStudioVersion = 10.0.40219.1
Project("{FAE04EC0-301F-11D3-BF4B-00C04F79EFBC}") = "API", "API\API.csproj", "{214CF737-5B47-4EFC-950E-86AED8037985}"
EndProject
Project("{FAE04EC0-301F-11D3-BF4B-00C04F79EFBC}") = "Application", "Application\Application.csproj", "{F792D658-722E-4220-A1B9-3D524C4BC202}"
EndProject
Project("{FAE04EC0-301F-11D3-BF4B-00C04F79EFBC}") = "Domain", "Domain\Domain.csproj", "{139FADE4-1845-4C4F-83BA-D7E324B11C71}"
EndProject
Project("{FAE04EC0-301F-11D3-BF4B-00C04F79EFBC}") = "Persistence", "Persistence\Persistence.csproj", "{5C65F53A-058C-461E-85B9-EC4A52BD7F24}"
EndProject
Global
	GlobalSection(SolutionConfigurationPlatforms) = preSolution
		Debug|Any CPU = Debug|Any CPU
		Release|Any CPU = Release|Any CPU
	EndGlobalSection
	GlobalSection(SolutionProperties) = preSolution
		HideSolutionNode = FALSE
	EndGlobalSection
	GlobalSection(ProjectConfigurationPlatforms) = postSolution
		{214CF737-5B47-4EFC-950E-86AED8037985}.Debug|Any CPU.ActiveCfg = Debug|Any CPU
		{214CF737-5B47-4EFC-950E-86AED8037985}.Debug|Any CPU.Build.0 = Debug|Any CPU
		{214CF737-5B47-4EFC-950E-86AED8037985}.Release|Any CPU.ActiveCfg = Release|Any CPU
		{214CF737-5B47-4EFC-950E-86AED8037985}.Release|Any CPU.Build.0 = Release|Any CPU
		{F792D658-722E-4220-A1B9-3D524C4BC202}.Debug|Any CPU.ActiveCfg = Debug|Any CPU
		{F792D658-722E-4220-A1B9-3D524C4BC202}.Debug|Any CPU.Build.0 = Debug|Any CPU
		{F792D658-722E-4220-A1B9-3D524C4BC202}.Release|Any CPU.ActiveCfg = Release|Any CPU
		{F792D658-722E-4220-A1B9-3D524C4BC202}.Release|Any CPU.Build.0 = Release|Any CPU
		{139FADE4-1845-4C4F-83BA-D7E324B11C71}.Debug|Any CPU.ActiveCfg = Debug|Any CPU
		{139FADE4-1845-4C4F-83BA-D7E324B11C71}.Debug|Any CPU.Build.0 = Debug|Any CPU
		{139FADE4-1845-4C4F-83BA-D7E324B11C71}.Release|Any CPU.ActiveCfg = Release|Any CPU
		{139FADE4-1845-4C4F-83BA-D7E324B11C71}.Release|Any CPU.Build.0 = Release|Any CPU
		{5C65F53A-058C-461E-85B9-EC4A52BD7F24}.Debug|Any CPU.ActiveCfg = Debug|Any CPU
		{5C65F53A-058C-461E-85B9-EC4A52BD7F24}.Debug|Any CPU.Build.0 = Debug|Any CPU
		{5C65F53A-058C-461E-85B9-EC4A52BD7F24}.Release|Any CPU.ActiveCfg = Release|Any CPU
		{5C65F53A-058C-461E-85B9-EC4A52BD7F24}.Release|Any CPU.Build.0 = Release|Any CPU
	EndGlobalSection
EndGlobal
